
Microsoft Visual Studio Solution File, Format Version 12.00
# Visual Studio Version 16
VisualStudioVersion = 16.0.33423.256
MinimumVisualStudioVersion = 10.0.40219.1
Project("{9092AA53-FB77-4645-B42D-1CCCA6BD08BD}") = "GPT Terminal", "GPT Terminal.njsproj", "{82C83CDE-3245-4940-99E7-A3746945382F}"
EndProject
Global
	GlobalSection(SolutionConfigurationPlatforms) = preSolution
		Debug|Any CPU = Debug|Any CPU
		Release|Any CPU = Release|Any CPU
	EndGlobalSection
	GlobalSection(ProjectConfigurationPlatforms) = postSolution
		{82C83CDE-3245-4940-99E7-A3746945382F}.Debug|Any CPU.ActiveCfg = Debug|Any CPU
		{82C83CDE-3245-4940-99E7-A3746945382F}.Debug|Any CPU.Build.0 = Debug|Any CPU
		{82C83CDE-3245-4940-99E7-A3746945382F}.Release|Any CPU.ActiveCfg = Release|Any CPU
		{82C83CDE-3245-4940-99E7-A3746945382F}.Release|Any CPU.Build.0 = Release|Any CPU
	EndGlobalSection
	GlobalSection(SolutionProperties) = preSolution
		HideSolutionNode = FALSE
	EndGlobalSection
	GlobalSection(ExtensibilityGlobals) = postSolution
		SolutionGuid = {0ACEFDB1-62BF-466F-AD54-9481563C46BC}
	EndGlobalSection
EndGlobal
